{
    "name": "虚拟滚动，虚拟列表组件",
    "version": "1.0.1",
    "lockfileVersion": 2,
    "requires": true,
    "packages": {
        "": {
            "name": "虚拟滚动，虚拟列表组件",
            "version": "1.0.1",
            "dependencies": {
                "jweixin-module": "^1.6.0",
                "lwu-request": "^1.8.3"
            }
        },
        "node_modules/jweixin-module": {
            "version": "1.6.0",
            "resolved": "https://registry.npmmirror.com/jweixin-module/-/jweixin-module-1.6.0.tgz",
            "integrity": "sha512-dGk9cf+ipipHmtzYmKZs5B2toX+p4hLyllGLF6xuC8t+B05oYxd8fYoaRz0T30U2n3RUv8a4iwvjhA+OcYz52w=="
        },
        "node_modules/lwu-request": {
            "version": "1.8.3",
            "resolved": "https://registry.npmjs.org/lwu-request/-/lwu-request-1.8.3.tgz",
            "integrity": "sha512-xtPjlKJLA5NEyft9xbGWFvA7pwcX+KEqV8fIUgiNF09dapUGhtZYxK8QszR/jBlpS1xhW/LDsViSgVhYaKWnTA=="
        }
    },
    "dependencies": {
        "jweixin-module": {
            "version": "1.6.0",
            "resolved": "https://registry.npmmirror.com/jweixin-module/-/jweixin-module-1.6.0.tgz",
            "integrity": "sha512-dGk9cf+ipipHmtzYmKZs5B2toX+p4hLyllGLF6xuC8t+B05oYxd8fYoaRz0T30U2n3RUv8a4iwvjhA+OcYz52w=="
        },
        "lwu-request": {
            "version": "1.8.3",
            "resolved": "https://registry.npmjs.org/lwu-request/-/lwu-request-1.8.3.tgz",
            "integrity": "sha512-xtPjlKJLA5NEyft9xbGWFvA7pwcX+KEqV8fIUgiNF09dapUGhtZYxK8QszR/jBlpS1xhW/LDsViSgVhYaKWnTA=="
        }
    }
}
